
Microsoft Visual Studio Solution File, Format Version 12.00
# Visual Studio Version 17
VisualStudioVersion = 17.14.36518.9
MinimumVisualStudioVersion = 10.0.40219.1
Project("{2150E333-8FDC-42A3-9474-1A3956D46DE8}") = "Task0", "Task0", "{02EA681E-C7D8-13C7-8484-4AC65E1B71E8}"
EndProject
Project("{FAE04EC0-301F-11D3-BF4B-00C04F79EFBC}") = "Tyuiu.KozhevnikovYV.Sprint6.Task0.V1.Lib", "Tyuiu.KozhevnikovYV.Sprint6.Task0.V1.Lib\Tyuiu.KozhevnikovYV.Sprint6.Task0.V1.Lib.csproj", "{4D671B1B-3F47-4CD8-BE90-C7625C67943B}"
EndProject
Project("{FAE04EC0-301F-11D3-BF4B-00C04F79EFBC}") = "Tyuiu.KozhevnikovYV.Sprint6.Task0.V1.Test", "Tyuiu.KozhevnikovYV.Sprint6.Task0.V1.Test\Tyuiu.KozhevnikovYV.Sprint6.Task0.V1.Test.csproj", "{7B8C5DC7-54A4-4555-AD79-2F33C119BD97}"
EndProject
Project("{FAE04EC0-301F-11D3-BF4B-00C04F79EFBC}") = "Tyuiu.KozhevnikovYV.Sprint6.Task0.V1", "Tyuiu.KozhevnikovYV.Sprint6.Task0.V1\Tyuiu.KozhevnikovYV.Sprint6.Task0.V1.csproj", "{F15418A1-A145-4BD0-ACEB-9FE02120CD71}"
EndProject
Project("{2150E333-8FDC-42A3-9474-1A3956D46DE8}") = "Task1", "Task1", "{23AA9AE8-3790-4875-B0EB-2DF0E46A5A9A}"
EndProject
Project("{FAE04EC0-301F-11D3-BF4B-00C04F79EFBC}") = "Tyuiu.KozhevnikovYV.Sprint6.Task1.V1", "Tyuiu.KozhevnikovYV.Sprint6.Task1.V1\Tyuiu.KozhevnikovYV.Sprint6.Task1.V1.csproj", "{D82A644F-C8E5-91C5-A86D-F3815F28C572}"
EndProject
Project("{FAE04EC0-301F-11D3-BF4B-00C04F79EFBC}") = "Tyuiu.KozhevnikovYV.Sprint6.Task1.V1.Lib", "Tyuiu.KozhevnikovYV.Sprint6.Task1.V1.Lib\Tyuiu.KozhevnikovYV.Sprint6.Task1.V1.Lib.csproj", "{1EDDD5CC-06E4-1480-6D66-6223B8B421DE}"
EndProject
Project("{FAE04EC0-301F-11D3-BF4B-00C04F79EFBC}") = "Tyuiu.KozhevnikovYV.Sprint6.Task1.V1.Test", "Tyuiu.KozhevnikovYV.Sprint6.Task1.V1.Test\Tyuiu.KozhevnikovYV.Sprint6.Task1.V1.Test.csproj", "{5CABD21C-B2A0-8697-576F-75E3180C7095}"
EndProject
Project("{2150E333-8FDC-42A3-9474-1A3956D46DE8}") = "Task2", "Task2", "{42551155-AF4A-4206-8F3D-892A40E6BC37}"
EndProject
Project("{FAE04EC0-301F-11D3-BF4B-00C04F79EFBC}") = "Tyuiu.KozhevnikovYV.Sprint6.Task2.V2.Lib", "Tyuiu.KozhevnikovYV.Sprint6.Task2.V2.Lib\Tyuiu.KozhevnikovYV.Sprint6.Task2.V2.Lib.csproj", "{9A41FA55-833E-4731-8F2F-15FCBF2575CE}"
EndProject
Project("{FAE04EC0-301F-11D3-BF4B-00C04F79EFBC}") = "Tyuiu.KozhevnikovYV.Sprint6.Task2.V2.Test", "Tyuiu.KozhevnikovYV.Sprint6.Task2.V2.Test\Tyuiu.KozhevnikovYV.Sprint6.Task2.V2.Test.csproj", "{0D885FAC-31FD-4973-A92B-C599B708B5E0}"
EndProject
Project("{FAE04EC0-301F-11D3-BF4B-00C04F79EFBC}") = "Tyuiu.KozhevnikovYV.Sprint6.Task2.V2", "Tyuiu.KozhevnikovYV.Sprint6.Task2.V2\Tyuiu.KozhevnikovYV.Sprint6.Task2.V2.csproj", "{43D77067-7665-4601-AE66-9AE0F1D40A8A}"
EndProject
Project("{2150E333-8FDC-42A3-9474-1A3956D46DE8}") = "Task3", "Task3", "{9940A7DC-BCF4-448E-9EA3-F68B5FDCFFAD}"
EndProject
Project("{FAE04EC0-301F-11D3-BF4B-00C04F79EFBC}") = "Tyuiu.KozhevnikovYV.Sprint6.Task3.V20.Lib", "Tyuiu.KozhevnikovYV.Sprint6.Task3.V20.Lib\Tyuiu.KozhevnikovYV.Sprint6.Task3.V20.Lib.csproj", "{1A18381C-6B76-46F4-AEF3-52D162C47E95}"
EndProject
Project("{FAE04EC0-301F-11D3-BF4B-00C04F79EFBC}") = "Tyuiu.KozhevnikovYV.Sprint6.Task3.V20.Test", "Tyuiu.KozhevnikovYV.Sprint6.Task3.V20.Test\Tyuiu.KozhevnikovYV.Sprint6.Task3.V20.Test.csproj", "{6CF96A27-58FD-4DCA-BC7B-E246DA07870F}"
EndProject
Project("{FAE04EC0-301F-11D3-BF4B-00C04F79EFBC}") = "Tyuiu.KozhevnikovYV.Sprint6.Task3.V20", "Tyuiu.KozhevnikovYV.Sprint6.Task3.V20\Tyuiu.KozhevnikovYV.Sprint6.Task3.V20.csproj", "{0CECEA58-9E8B-4B89-918B-0D6A19FD688A}"
EndProject
Project("{2150E333-8FDC-42A3-9474-1A3956D46DE8}") = "Task4", "Task4", "{6456555F-BD57-47EF-92DB-1A74EF329671}"
EndProject
Project("{FAE04EC0-301F-11D3-BF4B-00C04F79EFBC}") = "Tyuiu.KozhevnikovYV.Sprint6.Task4.V20.Lib", "Tyuiu.KozhevnikovYV.Sprint6.Task4.V20.Lib\Tyuiu.KozhevnikovYV.Sprint6.Task4.V20.Lib.csproj", "{E4C5200F-D01A-4D49-B933-E880EE8FC3E8}"
EndProject
Project("{FAE04EC0-301F-11D3-BF4B-00C04F79EFBC}") = "Tyuiu.KozhevnikovYV.Sprint6.Task4.V20", "Tyuiu.KozhevnikovYV.Sprint6.Task4.V20\Tyuiu.KozhevnikovYV.Sprint6.Task4.V20.csproj", "{03900624-A05A-4789-95F6-FE223B7370C7}"
EndProject
Project("{FAE04EC0-301F-11D3-BF4B-00C04F79EFBC}") = "Tyuiu.KozhevnikovYV.Sprint6.Task4.V20.Test", "Tyuiu.KozhevnikovYV.Sprint6.Task4.V20.Test\Tyuiu.KozhevnikovYV.Sprint6.Task4.V20.Test.csproj", "{EE42C397-116E-4FCC-835F-C3DA9DF622B8}"
EndProject
Project("{2150E333-8FDC-42A3-9474-1A3956D46DE8}") = "Task5", "Task5", "{BDBA15B5-04BE-4313-A6C8-AC7DA701BCFA}"
EndProject
Project("{FAE04EC0-301F-11D3-BF4B-00C04F79EFBC}") = "Tyuiu.KozhevnikovYV.Sprint6.Task5.V11", "Tyuiu.KozhevnikovYV.Sprint6.Task5.V11\Tyuiu.KozhevnikovYV.Sprint6.Task5.V11.csproj", "{75A4C8D8-2437-4151-ADDC-7F3A6F17E9DB}"
EndProject
Project("{FAE04EC0-301F-11D3-BF4B-00C04F79EFBC}") = "Tyuiu.KozhevnikovYV.Sprint6.Task5.V11.Lib", "Tyuiu.KozhevnikovYV.Sprint6.Task5.V11.Lib\Tyuiu.KozhevnikovYV.Sprint6.Task5.V11.Lib.csproj", "{AD1CD327-DB58-4C20-8AAA-9B948AEB4062}"
EndProject
Project("{FAE04EC0-301F-11D3-BF4B-00C04F79EFBC}") = "Tyuiu.KozhevnikovYV.Sprint6.Task5.V11.Test", "Tyuiu.KozhevnikovYV.Sprint6.Task5.V11.Test\Tyuiu.KozhevnikovYV.Sprint6.Task5.V11.Test.csproj", "{80FA93D3-4F5C-4BE8-A3D8-3CD49C39037B}"
EndProject
Project("{2150E333-8FDC-42A3-9474-1A3956D46DE8}") = "Task6", "Task6", "{7A38316F-4601-416A-B3BF-E1B42207B3D7}"
EndProject
Project("{FAE04EC0-301F-11D3-BF4B-00C04F79EFBC}") = "Tyuiu.KozhevnikovYV.Sprint6.Task6.V25", "Tyuiu.KozhevnikovYV.Sprint6.Task6.V25\Tyuiu.KozhevnikovYV.Sprint6.Task6.V25.csproj", "{184EBD9F-DC30-4396-BD87-C162D380D828}"
EndProject
Project("{FAE04EC0-301F-11D3-BF4B-00C04F79EFBC}") = "Tyuiu.KozhevnikovYV.Sprint6.Task6.V25.Test", "Tyuiu.KozhevnikovYV.Sprint6.Task6.V25.Test\Tyuiu.KozhevnikovYV.Sprint6.Task6.V25.Test.csproj", "{27C0B33F-3706-41C0-A044-3A5E34D34AB3}"
EndProject
Project("{FAE04EC0-301F-11D3-BF4B-00C04F79EFBC}") = "Tyuiu.KozhevnikovYV.Sprint6.Task6.V25.Lib", "Tyuiu.KozhevnikovYV.Sprint6.Task6.V25.Lib\Tyuiu.KozhevnikovYV.Sprint6.Task6.V25.Lib.csproj", "{CDFE0F39-C26B-4753-AEFF-6CC6C434DF47}"
EndProject
Project("{2150E333-8FDC-42A3-9474-1A3956D46DE8}") = "Task7", "Task7", "{B62DCB4C-3773-40D5-B866-61764EEEBA90}"
EndProject
Project("{FAE04EC0-301F-11D3-BF4B-00C04F79EFBC}") = "Tyuiu.KozhevnikovYV.Sprint6.Task7.V1", "Tyuiu.KozhevnikovYV.Sprint6.Task7.V1\Tyuiu.KozhevnikovYV.Sprint6.Task7.V1.csproj", "{C3B69E99-7C5F-4EF5-A07B-4DD3B9839FBE}"
EndProject
Project("{FAE04EC0-301F-11D3-BF4B-00C04F79EFBC}") = "Tyuiu.KozhevnikovYV.Sprint6.Task7.V1.Lib", "Tyuiu.KozhevnikovYV.Sprint6.Task7.V1.Lib\Tyuiu.KozhevnikovYV.Sprint6.Task7.V1.Lib.csproj", "{C3902E0A-FB68-40E2-A449-065DE38C9472}"
EndProject
Project("{FAE04EC0-301F-11D3-BF4B-00C04F79EFBC}") = "Tyuiu.KozhevnikovYV.Sprint6.Task7.V1.Test", "Tyuiu.KozhevnikovYV.Sprint6.Task7.V1.Test\Tyuiu.KozhevnikovYV.Sprint6.Task7.V1.Test.csproj", "{E10393CB-6B52-4E2C-802D-A15A72931510}"
EndProject
Global
	GlobalSection(SolutionConfigurationPlatforms) = preSolution
		Debug|Any CPU = Debug|Any CPU
		Release|Any CPU = Release|Any CPU
	EndGlobalSection
	GlobalSection(ProjectConfigurationPlatforms) = postSolution
		{4D671B1B-3F47-4CD8-BE90-C7625C67943B}.Debug|Any CPU.ActiveCfg = Debug|Any CPU
		{4D671B1B-3F47-4CD8-BE90-C7625C67943B}.Debug|Any CPU.Build.0 = Debug|Any CPU
		{4D671B1B-3F47-4CD8-BE90-C7625C67943B}.Release|Any CPU.ActiveCfg = Release|Any CPU
		{4D671B1B-3F47-4CD8-BE90-C7625C67943B}.Release|Any CPU.Build.0 = Release|Any CPU
		{7B8C5DC7-54A4-4555-AD79-2F33C119BD97}.Debug|Any CPU.ActiveCfg = Debug|Any CPU
		{7B8C5DC7-54A4-4555-AD79-2F33C119BD97}.Debug|Any CPU.Build.0 = Debug|Any CPU
		{7B8C5DC7-54A4-4555-AD79-2F33C119BD97}.Release|Any CPU.ActiveCfg = Release|Any CPU
		{7B8C5DC7-54A4-4555-AD79-2F33C119BD97}.Release|Any CPU.Build.0 = Release|Any CPU
		{F15418A1-A145-4BD0-ACEB-9FE02120CD71}.Debug|Any CPU.ActiveCfg = Debug|Any CPU
		{F15418A1-A145-4BD0-ACEB-9FE02120CD71}.Debug|Any CPU.Build.0 = Debug|Any CPU
		{F15418A1-A145-4BD0-ACEB-9FE02120CD71}.Release|Any CPU.ActiveCfg = Release|Any CPU
		{F15418A1-A145-4BD0-ACEB-9FE02120CD71}.Release|Any CPU.Build.0 = Release|Any CPU
		{D82A644F-C8E5-91C5-A86D-F3815F28C572}.Debug|Any CPU.ActiveCfg = Debug|Any CPU
		{D82A644F-C8E5-91C5-A86D-F3815F28C572}.Debug|Any CPU.Build.0 = Debug|Any CPU
		{D82A644F-C8E5-91C5-A86D-F3815F28C572}.Release|Any CPU.ActiveCfg = Release|Any CPU
		{D82A644F-C8E5-91C5-A86D-F3815F28C572}.Release|Any CPU.Build.0 = Release|Any CPU
		{1EDDD5CC-06E4-1480-6D66-6223B8B421DE}.Debug|Any CPU.ActiveCfg = Debug|Any CPU
		{1EDDD5CC-06E4-1480-6D66-6223B8B421DE}.Debug|Any CPU.Build.0 = Debug|Any CPU
		{1EDDD5CC-06E4-1480-6D66-6223B8B421DE}.Release|Any CPU.ActiveCfg = Release|Any CPU
		{1EDDD5CC-06E4-1480-6D66-6223B8B421DE}.Release|Any CPU.Build.0 = Release|Any CPU
		{5CABD21C-B2A0-8697-576F-75E3180C7095}.Debug|Any CPU.ActiveCfg = Debug|Any CPU
		{5CABD21C-B2A0-8697-576F-75E3180C7095}.Debug|Any CPU.Build.0 = Debug|Any CPU
		{5CABD21C-B2A0-8697-576F-75E3180C7095}.Release|Any CPU.ActiveCfg = Release|Any CPU
		{5CABD21C-B2A0-8697-576F-75E3180C7095}.Release|Any CPU.Build.0 = Release|Any CPU
		{9A41FA55-833E-4731-8F2F-15FCBF2575CE}.Debug|Any CPU.ActiveCfg = Debug|Any CPU
		{9A41FA55-833E-4731-8F2F-15FCBF2575CE}.Debug|Any CPU.Build.0 = Debug|Any CPU
		{9A41FA55-833E-4731-8F2F-15FCBF2575CE}.Release|Any CPU.ActiveCfg = Release|Any CPU
		{9A41FA55-833E-4731-8F2F-15FCBF2575CE}.Release|Any CPU.Build.0 = Release|Any CPU
		{0D885FAC-31FD-4973-A92B-C599B708B5E0}.Debug|Any CPU.ActiveCfg = Debug|Any CPU
		{0D885FAC-31FD-4973-A92B-C599B708B5E0}.Debug|Any CPU.Build.0 = Debug|Any CPU
		{0D885FAC-31FD-4973-A92B-C599B708B5E0}.Release|Any CPU.ActiveCfg = Release|Any CPU
		{0D885FAC-31FD-4973-A92B-C599B708B5E0}.Release|Any CPU.Build.0 = Release|Any CPU
		{43D77067-7665-4601-AE66-9AE0F1D40A8A}.Debug|Any CPU.ActiveCfg = Debug|Any CPU
		{43D77067-7665-4601-AE66-9AE0F1D40A8A}.Debug|Any CPU.Build.0 = Debug|Any CPU
		{43D77067-7665-4601-AE66-9AE0F1D40A8A}.Release|Any CPU.ActiveCfg = Release|Any CPU
		{43D77067-7665-4601-AE66-9AE0F1D40A8A}.Release|Any CPU.Build.0 = Release|Any CPU
		{1A18381C-6B76-46F4-AEF3-52D162C47E95}.Debug|Any CPU.ActiveCfg = Debug|Any CPU
		{1A18381C-6B76-46F4-AEF3-52D162C47E95}.Debug|Any CPU.Build.0 = Debug|Any CPU
		{1A18381C-6B76-46F4-AEF3-52D162C47E95}.Release|Any CPU.ActiveCfg = Release|Any CPU
		{1A18381C-6B76-46F4-AEF3-52D162C47E95}.Release|Any CPU.Build.0 = Release|Any CPU
		{6CF96A27-58FD-4DCA-BC7B-E246DA07870F}.Debug|Any CPU.ActiveCfg = Debug|Any CPU
		{6CF96A27-58FD-4DCA-BC7B-E246DA07870F}.Debug|Any CPU.Build.0 = Debug|Any CPU
		{6CF96A27-58FD-4DCA-BC7B-E246DA07870F}.Release|Any CPU.ActiveCfg = Release|Any CPU
		{6CF96A27-58FD-4DCA-BC7B-E246DA07870F}.Release|Any CPU.Build.0 = Release|Any CPU
		{0CECEA58-9E8B-4B89-918B-0D6A19FD688A}.Debug|Any CPU.ActiveCfg = Debug|Any CPU
		{0CECEA58-9E8B-4B89-918B-0D6A19FD688A}.Debug|Any CPU.Build.0 = Debug|Any CPU
		{0CECEA58-9E8B-4B89-918B-0D6A19FD688A}.Release|Any CPU.ActiveCfg = Release|Any CPU
		{0CECEA58-9E8B-4B89-918B-0D6A19FD688A}.Release|Any CPU.Build.0 = Release|Any CPU
		{E4C5200F-D01A-4D49-B933-E880EE8FC3E8}.Debug|Any CPU.ActiveCfg = Debug|Any CPU
		{E4C5200F-D01A-4D49-B933-E880EE8FC3E8}.Debug|Any CPU.Build.0 = Debug|Any CPU
		{E4C5200F-D01A-4D49-B933-E880EE8FC3E8}.Release|Any CPU.ActiveCfg = Release|Any CPU
		{E4C5200F-D01A-4D49-B933-E880EE8FC3E8}.Release|Any CPU.Build.0 = Release|Any CPU
		{03900624-A05A-4789-95F6-FE223B7370C7}.Debug|Any CPU.ActiveCfg = Debug|Any CPU
		{03900624-A05A-4789-95F6-FE223B7370C7}.Debug|Any CPU.Build.0 = Debug|Any CPU
		{03900624-A05A-4789-95F6-FE223B7370C7}.Release|Any CPU.ActiveCfg = Release|Any CPU
		{03900624-A05A-4789-95F6-FE223B7370C7}.Release|Any CPU.Build.0 = Release|Any CPU
		{EE42C397-116E-4FCC-835F-C3DA9DF622B8}.Debug|Any CPU.ActiveCfg = Debug|Any CPU
		{EE42C397-116E-4FCC-835F-C3DA9DF622B8}.Debug|Any CPU.Build.0 = Debug|Any CPU
		{EE42C397-116E-4FCC-835F-C3DA9DF622B8}.Release|Any CPU.ActiveCfg = Release|Any CPU
		{EE42C397-116E-4FCC-835F-C3DA9DF622B8}.Release|Any CPU.Build.0 = Release|Any CPU
		{75A4C8D8-2437-4151-ADDC-7F3A6F17E9DB}.Debug|Any CPU.ActiveCfg = Debug|Any CPU
		{75A4C8D8-2437-4151-ADDC-7F3A6F17E9DB}.Debug|Any CPU.Build.0 = Debug|Any CPU
		{75A4C8D8-2437-4151-ADDC-7F3A6F17E9DB}.Release|Any CPU.ActiveCfg = Release|Any CPU
		{75A4C8D8-2437-4151-ADDC-7F3A6F17E9DB}.Release|Any CPU.Build.0 = Release|Any CPU
		{AD1CD327-DB58-4C20-8AAA-9B948AEB4062}.Debug|Any CPU.ActiveCfg = Debug|Any CPU
		{AD1CD327-DB58-4C20-8AAA-9B948AEB4062}.Debug|Any CPU.Build.0 = Debug|Any CPU
		{AD1CD327-DB58-4C20-8AAA-9B948AEB4062}.Release|Any CPU.ActiveCfg = Release|Any CPU
		{AD1CD327-DB58-4C20-8AAA-9B948AEB4062}.Release|Any CPU.Build.0 = Release|Any CPU
		{80FA93D3-4F5C-4BE8-A3D8-3CD49C39037B}.Debug|Any CPU.ActiveCfg = Debug|Any CPU
		{80FA93D3-4F5C-4BE8-A3D8-3CD49C39037B}.Debug|Any CPU.Build.0 = Debug|Any CPU
		{80FA93D3-4F5C-4BE8-A3D8-3CD49C39037B}.Release|Any CPU.ActiveCfg = Release|Any CPU
		{80FA93D3-4F5C-4BE8-A3D8-3CD49C39037B}.Release|Any CPU.Build.0 = Release|Any CPU
		{184EBD9F-DC30-4396-BD87-C162D380D828}.Debug|Any CPU.ActiveCfg = Debug|Any CPU
		{184EBD9F-DC30-4396-BD87-C162D380D828}.Debug|Any CPU.Build.0 = Debug|Any CPU
		{184EBD9F-DC30-4396-BD87-C162D380D828}.Release|Any CPU.ActiveCfg = Release|Any CPU
		{184EBD9F-DC30-4396-BD87-C162D380D828}.Release|Any CPU.Build.0 = Release|Any CPU
		{27C0B33F-3706-41C0-A044-3A5E34D34AB3}.Debug|Any CPU.ActiveCfg = Debug|Any CPU
		{27C0B33F-3706-41C0-A044-3A5E34D34AB3}.Debug|Any CPU.Build.0 = Debug|Any CPU
		{27C0B33F-3706-41C0-A044-3A5E34D34AB3}.Release|Any CPU.ActiveCfg = Release|Any CPU
		{27C0B33F-3706-41C0-A044-3A5E34D34AB3}.Release|Any CPU.Build.0 = Release|Any CPU
		{CDFE0F39-C26B-4753-AEFF-6CC6C434DF47}.Debug|Any CPU.ActiveCfg = Debug|Any CPU
		{CDFE0F39-C26B-4753-AEFF-6CC6C434DF47}.Debug|Any CPU.Build.0 = Debug|Any CPU
		{CDFE0F39-C26B-4753-AEFF-6CC6C434DF47}.Release|Any CPU.ActiveCfg = Release|Any CPU
		{CDFE0F39-C26B-4753-AEFF-6CC6C434DF47}.Release|Any CPU.Build.0 = Release|Any CPU
		{C3B69E99-7C5F-4EF5-A07B-4DD3B9839FBE}.Debug|Any CPU.ActiveCfg = Debug|Any CPU
		{C3B69E99-7C5F-4EF5-A07B-4DD3B9839FBE}.Debug|Any CPU.Build.0 = Debug|Any CPU
		{C3B69E99-7C5F-4EF5-A07B-4DD3B9839FBE}.Release|Any CPU.ActiveCfg = Release|Any CPU
		{C3B69E99-7C5F-4EF5-A07B-4DD3B9839FBE}.Release|Any CPU.Build.0 = Release|Any CPU
		{C3902E0A-FB68-40E2-A449-065DE38C9472}.Debug|Any CPU.ActiveCfg = Debug|Any CPU
		{C3902E0A-FB68-40E2-A449-065DE38C9472}.Debug|Any CPU.Build.0 = Debug|Any CPU
		{C3902E0A-FB68-40E2-A449-065DE38C9472}.Release|Any CPU.ActiveCfg = Release|Any CPU
		{C3902E0A-FB68-40E2-A449-065DE38C9472}.Release|Any CPU.Build.0 = Release|Any CPU
		{E10393CB-6B52-4E2C-802D-A15A72931510}.Debug|Any CPU.ActiveCfg = Debug|Any CPU
		{E10393CB-6B52-4E2C-802D-A15A72931510}.Debug|Any CPU.Build.0 = Debug|Any CPU
		{E10393CB-6B52-4E2C-802D-A15A72931510}.Release|Any CPU.ActiveCfg = Release|Any CPU
		{E10393CB-6B52-4E2C-802D-A15A72931510}.Release|Any CPU.Build.0 = Release|Any CPU
	EndGlobalSection
	GlobalSection(SolutionProperties) = preSolution
		HideSolutionNode = FALSE
	EndGlobalSection
	GlobalSection(NestedProjects) = preSolution
		{4D671B1B-3F47-4CD8-BE90-C7625C67943B} = {02EA681E-C7D8-13C7-8484-4AC65E1B71E8}
		{7B8C5DC7-54A4-4555-AD79-2F33C119BD97} = {02EA681E-C7D8-13C7-8484-4AC65E1B71E8}
		{F15418A1-A145-4BD0-ACEB-9FE02120CD71} = {02EA681E-C7D8-13C7-8484-4AC65E1B71E8}
		{D82A644F-C8E5-91C5-A86D-F3815F28C572} = {23AA9AE8-3790-4875-B0EB-2DF0E46A5A9A}
		{1EDDD5CC-06E4-1480-6D66-6223B8B421DE} = {23AA9AE8-3790-4875-B0EB-2DF0E46A5A9A}
		{5CABD21C-B2A0-8697-576F-75E3180C7095} = {23AA9AE8-3790-4875-B0EB-2DF0E46A5A9A}
		{9A41FA55-833E-4731-8F2F-15FCBF2575CE} = {42551155-AF4A-4206-8F3D-892A40E6BC37}
		{0D885FAC-31FD-4973-A92B-C599B708B5E0} = {42551155-AF4A-4206-8F3D-892A40E6BC37}
		{43D77067-7665-4601-AE66-9AE0F1D40A8A} = {42551155-AF4A-4206-8F3D-892A40E6BC37}
		{1A18381C-6B76-46F4-AEF3-52D162C47E95} = {9940A7DC-BCF4-448E-9EA3-F68B5FDCFFAD}
		{6CF96A27-58FD-4DCA-BC7B-E246DA07870F} = {9940A7DC-BCF4-448E-9EA3-F68B5FDCFFAD}
		{0CECEA58-9E8B-4B89-918B-0D6A19FD688A} = {9940A7DC-BCF4-448E-9EA3-F68B5FDCFFAD}
		{E4C5200F-D01A-4D49-B933-E880EE8FC3E8} = {6456555F-BD57-47EF-92DB-1A74EF329671}
		{03900624-A05A-4789-95F6-FE223B7370C7} = {6456555F-BD57-47EF-92DB-1A74EF329671}
		{EE42C397-116E-4FCC-835F-C3DA9DF622B8} = {6456555F-BD57-47EF-92DB-1A74EF329671}
		{75A4C8D8-2437-4151-ADDC-7F3A6F17E9DB} = {BDBA15B5-04BE-4313-A6C8-AC7DA701BCFA}
		{AD1CD327-DB58-4C20-8AAA-9B948AEB4062} = {BDBA15B5-04BE-4313-A6C8-AC7DA701BCFA}
		{80FA93D3-4F5C-4BE8-A3D8-3CD49C39037B} = {BDBA15B5-04BE-4313-A6C8-AC7DA701BCFA}
		{184EBD9F-DC30-4396-BD87-C162D380D828} = {7A38316F-4601-416A-B3BF-E1B42207B3D7}
		{27C0B33F-3706-41C0-A044-3A5E34D34AB3} = {7A38316F-4601-416A-B3BF-E1B42207B3D7}
		{CDFE0F39-C26B-4753-AEFF-6CC6C434DF47} = {7A38316F-4601-416A-B3BF-E1B42207B3D7}
		{C3B69E99-7C5F-4EF5-A07B-4DD3B9839FBE} = {B62DCB4C-3773-40D5-B866-61764EEEBA90}
		{C3902E0A-FB68-40E2-A449-065DE38C9472} = {B62DCB4C-3773-40D5-B866-61764EEEBA90}
		{E10393CB-6B52-4E2C-802D-A15A72931510} = {B62DCB4C-3773-40D5-B866-61764EEEBA90}
	EndGlobalSection
	GlobalSection(ExtensibilityGlobals) = postSolution
		SolutionGuid = {15BCB582-B6F3-454B-8AD4-919D1515DB31}
	EndGlobalSection
EndGlobal
